{
  "version": "5",
  "specifiers": {
    "jsr:@std/assert@1": "1.0.14",
    "jsr:@std/internal@^1.0.10": "1.0.10",
    "npm:ollama@~0.5.18": "0.5.18"
  },
  "jsr": {
    "@std/assert@1.0.14": {
      "integrity": "68d0d4a43b365abc927f45a9b85c639ea18a9fab96ad92281e493e4ed84abaa4",
      "dependencies": [
        "jsr:@std/internal"
      ]
    },
    "@std/internal@1.0.10": {
      "integrity": "e3be62ce42cab0e177c27698e5d9800122f67b766a0bea6ca4867886cbde8cf7"
    }
  },
  "npm": {
    "ollama@0.5.18": {
      "integrity": "sha512-lTFqTf9bo7Cd3hpF6CviBe/DEhewjoZYd9N/uCe7O20qYTvGqrNOFOBDj3lbZgFWHUgDv5EeyusYxsZSLS8nvg==",
      "dependencies": [
        "whatwg-fetch"
      ]
    },
    "whatwg-fetch@3.6.20": {
      "integrity": "sha512-EqhiFU6daOA8kpjOWTL0olhVOF3i7OrFzSYiGsEMB8GcXS+RrzauAERX65xMeNWVqxA6HXH2m69Z9LaKKdisfg=="
    }
  },
  "workspace": {
    "dependencies": [
      "jsr:@std/assert@1",
      "npm:ollama@~0.5.18"
    ]
  }
}
